$begin 'ConnectionParameters'
	DesktopProcessID=17528
	DesktopProcessPath='C:\\Program Files\\AnsysEM\\Ansys Student\\v232\\Win64\\ansysedtsv.exe'
	LaunchedByWB=false
	$begin 'DesktopStubBlock'
		$begin 'CommDetails'
			TransportType=1
			IPAddress='192.168.56.1'
			ListenPort='58718'
			IPAddressVector[1: '192.168.1.76']
		$end 'CommDetails'
		$begin 'Marshall'
			InstanceID=503
			ProcID=17528
			InterfaceID=1
			FactoryIntID='DesktopInterfaceForWBProxyStubFactory'
		$end 'Marshall'
	$end 'DesktopStubBlock'
	$begin 'DesktopBackgroundObjStubBlock'
		$begin 'CommDetails'
			TransportType=1
			IPAddress='192.168.56.1'
			ListenPort='58718'
			IPAddressVector[1: '192.168.1.76']
		$end 'CommDetails'
		$begin 'Marshall'
			InstanceID=505
			ProcID=17528
			InterfaceID=2
			FactoryIntID='DesktopInterfaceForWBProxyStubFactory'
		$end 'Marshall'
	$end 'DesktopBackgroundObjStubBlock'
$end 'ConnectionParameters'
